
Microsoft Visual Studio Solution File, Format Version 12.00
# Visual Studio Version 17
VisualStudioVersion = 17.10.35122.118
MinimumVisualStudioVersion = 10.0.40219.1
Project("{9A19103F-16F7-4668-BE54-9A1E7A4F7556}") = "ChatGPTClone.WebApi", "ChatGPTClone.WebApi\ChatGPTClone.WebApi.csproj", "{E9CBF15D-CCB5-407F-8CE4-6E178015B26D}"
EndProject
Project("{9A19103F-16F7-4668-BE54-9A1E7A4F7556}") = "ChatGPTClone.WasmClient", "ChatGPTClone.WasmClient\ChatGPTClone.WasmClient.csproj", "{4ED563C3-8087-46EB-ABED-7831AA712AF9}"
EndProject
Project("{9A19103F-16F7-4668-BE54-9A1E7A4F7556}") = "ChatGPTClone.Domain", "ChatGPTClone.Domain\ChatGPTClone.Domain.csproj", "{91998F01-111E-4E97-B1B5-645A9995ACE2}"
EndProject
Project("{9A19103F-16F7-4668-BE54-9A1E7A4F7556}") = "ChatGPTClone.Application", "ChatGPTClone.Application\ChatGPTClone.Application.csproj", "{2D209E9D-1903-4F4B-8FD4-1BAC2B19CC7A}"
EndProject
Project("{9A19103F-16F7-4668-BE54-9A1E7A4F7556}") = "ChatGPTClone.Infrastructure", "ChatGPTClone.Infrastructure\ChatGPTClone.Infrastructure.csproj", "{BBA3B00A-8806-434F-BCF6-BDEA27A78482}"
EndProject
Global
	GlobalSection(SolutionConfigurationPlatforms) = preSolution
		Debug|Any CPU = Debug|Any CPU
		Release|Any CPU = Release|Any CPU
	EndGlobalSection
	GlobalSection(ProjectConfigurationPlatforms) = postSolution
		{E9CBF15D-CCB5-407F-8CE4-6E178015B26D}.Debug|Any CPU.ActiveCfg = Debug|Any CPU
		{E9CBF15D-CCB5-407F-8CE4-6E178015B26D}.Debug|Any CPU.Build.0 = Debug|Any CPU
		{E9CBF15D-CCB5-407F-8CE4-6E178015B26D}.Release|Any CPU.ActiveCfg = Release|Any CPU
		{E9CBF15D-CCB5-407F-8CE4-6E178015B26D}.Release|Any CPU.Build.0 = Release|Any CPU
		{4ED563C3-8087-46EB-ABED-7831AA712AF9}.Debug|Any CPU.ActiveCfg = Debug|Any CPU
		{4ED563C3-8087-46EB-ABED-7831AA712AF9}.Debug|Any CPU.Build.0 = Debug|Any CPU
		{4ED563C3-8087-46EB-ABED-7831AA712AF9}.Release|Any CPU.ActiveCfg = Release|Any CPU
		{4ED563C3-8087-46EB-ABED-7831AA712AF9}.Release|Any CPU.Build.0 = Release|Any CPU
		{91998F01-111E-4E97-B1B5-645A9995ACE2}.Debug|Any CPU.ActiveCfg = Debug|Any CPU
		{91998F01-111E-4E97-B1B5-645A9995ACE2}.Debug|Any CPU.Build.0 = Debug|Any CPU
		{91998F01-111E-4E97-B1B5-645A9995ACE2}.Release|Any CPU.ActiveCfg = Release|Any CPU
		{91998F01-111E-4E97-B1B5-645A9995ACE2}.Release|Any CPU.Build.0 = Release|Any CPU
		{2D209E9D-1903-4F4B-8FD4-1BAC2B19CC7A}.Debug|Any CPU.ActiveCfg = Debug|Any CPU
		{2D209E9D-1903-4F4B-8FD4-1BAC2B19CC7A}.Debug|Any CPU.Build.0 = Debug|Any CPU
		{2D209E9D-1903-4F4B-8FD4-1BAC2B19CC7A}.Release|Any CPU.ActiveCfg = Release|Any CPU
		{2D209E9D-1903-4F4B-8FD4-1BAC2B19CC7A}.Release|Any CPU.Build.0 = Release|Any CPU
		{BBA3B00A-8806-434F-BCF6-BDEA27A78482}.Debug|Any CPU.ActiveCfg = Debug|Any CPU
		{BBA3B00A-8806-434F-BCF6-BDEA27A78482}.Debug|Any CPU.Build.0 = Debug|Any CPU
		{BBA3B00A-8806-434F-BCF6-BDEA27A78482}.Release|Any CPU.ActiveCfg = Release|Any CPU
		{BBA3B00A-8806-434F-BCF6-BDEA27A78482}.Release|Any CPU.Build.0 = Release|Any CPU
	EndGlobalSection
	GlobalSection(SolutionProperties) = preSolution
		HideSolutionNode = FALSE
	EndGlobalSection
	GlobalSection(ExtensibilityGlobals) = postSolution
		SolutionGuid = {DBABF4E1-804E-4431-AD58-FDFD0F19664A}
	EndGlobalSection
EndGlobal
